
Microsoft Visual Studio Solution File, Format Version 12.00
# Visual Studio Version 17
VisualStudioVersion = 17.2.32630.192
MinimumVisualStudioVersion = 10.0.40219.1
Project("{FAE04EC0-301F-11D3-BF4B-00C04F79EFBC}") = "InterestCalculator", "InterestCalculator.csproj", "{DF1D54BC-2B88-4603-9DE1-77FC55412F3C}"
EndProject
Global
	GlobalSection(SolutionConfigurationPlatforms) = preSolution
		Debug|Any CPU = Debug|Any CPU
		Release|Any CPU = Release|Any CPU
	EndGlobalSection
	GlobalSection(ProjectConfigurationPlatforms) = postSolution
		{DF1D54BC-2B88-4603-9DE1-77FC55412F3C}.Debug|Any CPU.ActiveCfg = Debug|Any CPU
		{DF1D54BC-2B88-4603-9DE1-77FC55412F3C}.Debug|Any CPU.Build.0 = Debug|Any CPU
		{DF1D54BC-2B88-4603-9DE1-77FC55412F3C}.Release|Any CPU.ActiveCfg = Release|Any CPU
		{DF1D54BC-2B88-4603-9DE1-77FC55412F3C}.Release|Any CPU.Build.0 = Release|Any CPU
	EndGlobalSection
	GlobalSection(SolutionProperties) = preSolution
		HideSolutionNode = FALSE
	EndGlobalSection
	GlobalSection(ExtensibilityGlobals) = postSolution
		SolutionGuid = {65DE6524-29E3-437A-832F-F04F690D401D}
	EndGlobalSection
EndGlobal
